
Microsoft Visual Studio Solution File, Format Version 12.00
# Visual Studio Version 17
VisualStudioVersion = 17.1.32328.378
MinimumVisualStudioVersion = 10.0.40219.1
Project("{9A19103F-16F7-4668-BE54-9A1E7A4F7556}") = "LWAApi", "LWAApi.csproj", "{53BF73CA-C1C5-48C3-9BD8-9B6EF6453294}"
EndProject
Project("{00D1A9C2-B5F0-4AF3-8072-F6C62B433612}") = "DBProject", "..\DBProject\DBProject.sqlproj", "{40F5DB15-32C0-437E-BDB5-F92B7669DD05}"
EndProject
Global
	GlobalSection(SolutionConfigurationPlatforms) = preSolution
		Debug|Any CPU = Debug|Any CPU
		Release|Any CPU = Release|Any CPU
	EndGlobalSection
	GlobalSection(ProjectConfigurationPlatforms) = postSolution
		{53BF73CA-C1C5-48C3-9BD8-9B6EF6453294}.Debug|Any CPU.ActiveCfg = Debug|Any CPU
		{53BF73CA-C1C5-48C3-9BD8-9B6EF6453294}.Debug|Any CPU.Build.0 = Debug|Any CPU
		{53BF73CA-C1C5-48C3-9BD8-9B6EF6453294}.Release|Any CPU.ActiveCfg = Release|Any CPU
		{53BF73CA-C1C5-48C3-9BD8-9B6EF6453294}.Release|Any CPU.Build.0 = Release|Any CPU
		{40F5DB15-32C0-437E-BDB5-F92B7669DD05}.Debug|Any CPU.ActiveCfg = Debug|Any CPU
		{40F5DB15-32C0-437E-BDB5-F92B7669DD05}.Debug|Any CPU.Build.0 = Debug|Any CPU
		{40F5DB15-32C0-437E-BDB5-F92B7669DD05}.Debug|Any CPU.Deploy.0 = Debug|Any CPU
		{40F5DB15-32C0-437E-BDB5-F92B7669DD05}.Release|Any CPU.ActiveCfg = Release|Any CPU
		{40F5DB15-32C0-437E-BDB5-F92B7669DD05}.Release|Any CPU.Build.0 = Release|Any CPU
		{40F5DB15-32C0-437E-BDB5-F92B7669DD05}.Release|Any CPU.Deploy.0 = Release|Any CPU
	EndGlobalSection
	GlobalSection(SolutionProperties) = preSolution
		HideSolutionNode = FALSE
	EndGlobalSection
	GlobalSection(ExtensibilityGlobals) = postSolution
		SolutionGuid = {8D5E026F-64AE-4FCB-B5A8-A197C8CBD49F}
	EndGlobalSection
EndGlobal
